{
  "name": "map-gallery",
  "version": "1.0.0",
  "lockfileVersion": 1,
  "requires": true,
  "dependencies": {
    "axios": {
      "version": "0.15.3",
      "resolved": "https://registry.npmjs.org/axios/-/axios-0.15.3.tgz",
      "integrity": "sha1-LJ1jiy4ZGgjqHWzJiOrda6W9wFM="
    },
    "babel-core": {
      "version": "6.25.0",
      "resolved": "https://registry.npmjs.org/babel-core/-/babel-core-6.25.0.tgz",
      "integrity": "sha1-fdQrBGPHQunVKW3rPsZ6kyLa1yk=",
      "dev": true
    },
    "babel-loader": {
      "version": "6.4.1",
      "resolved": "https://registry.npmjs.org/babel-loader/-/babel-loader-6.4.1.tgz",
      "integrity": "sha1-CzQRLVsHSKjc2/Uaz2+b1C1QuMo=",
      "dev": true
    },
    "babel-polyfill": {
      "version": "6.23.0",
      "resolved": "https://registry.npmjs.org/babel-polyfill/-/babel-polyfill-6.23.0.tgz",
      "integrity": "sha1-g2TKYt+Or7gwSZ9pkXdGbDsDSZ0="
    },
    "babel-preset-latest": {
      "version": "6.24.1",
      "resolved": "https://registry.npmjs.org/babel-preset-latest/-/babel-preset-latest-6.24.1.tgz",
      "integrity": "sha1-Z33gaRVKdIXC0lxXfAL2JLhbheg=",
      "dev": true
    },
    "babel-preset-stage-2": {
      "version": "6.24.1",
      "resolved": "https://registry.npmjs.org/babel-preset-stage-2/-/babel-preset-stage-2-6.24.1.tgz",
      "integrity": "sha1-2eKWD7PXEYfw5k7sYrwHdnIZvcE=",
      "dev": true
    },
    "bulma": {
      "version": "0.4.2",
      "resolved": "https://registry.npmjs.org/bulma/-/bulma-0.4.2.tgz",
      "integrity": "sha1-O+jIMs9mWL/EIey0H23FqKDHwOU="
    },
    "cross-env": {
      "version": "3.2.4",
      "resolved": "https://registry.npmjs.org/cross-env/-/cross-env-3.2.4.tgz",
      "integrity": "sha1-ngWF8neGTtQhznVvgamA/w1piro=",
      "dev": true
    },
    "css-loader": {
      "version": "0.25.0",
      "resolved": "https://registry.npmjs.org/css-loader/-/css-loader-0.25.0.tgz",
      "integrity": "sha1-w/68jOKPTINXa2sTcH9H+Qw5AiM=",
      "dev": true
    },
    "esri-loader": {
      "version": "2.16.0",
      "resolved": "https://registry.npmjs.org/esri-loader/-/esri-loader-2.16.0.tgz",
      "integrity": "sha512-0lneVO6aizdRFt1mbrOsRgbF/F1v4LBUwKg+kfiBmoGJPf2ATFI/OimBlfeDI6J1rEQiWHi1PsALFCF4yRf2mw=="
    },
    "file-loader": {
      "version": "0.9.0",
      "resolved": "https://registry.npmjs.org/file-loader/-/file-loader-0.9.0.tgz",
      "integrity": "sha1-HS2t3UJM5tGwfP4/eXMb7TYXq0I=",
      "dev": true
    },
    "style-loader": {
      "version": "0.18.2",
      "resolved": "https://registry.npmjs.org/style-loader/-/style-loader-0.18.2.tgz",
      "integrity": "sha512-WPpJPZGUxWYHWIUMNNOYqql7zh85zGmr84FdTVWq52WTIkqlW9xSxD3QYWi/T31cqn9UNSsietVEgGn2aaSCzw==",
      "dependencies": {
        "loader-utils": {
          "version": "1.1.0",
          "resolved": "https://registry.npmjs.org/loader-utils/-/loader-utils-1.1.0.tgz",
          "integrity": "sha1-yYrvSIvM7aL/teLeZG1qdUQp9c0="
        }
      }
    },
    "vue": {
      "version": "2.6.14",
      "resolved": "https://registry.npmjs.org/vue/-/vue-2.6.14.tgz",
      "integrity": "sha512-x2284lgYvjOMj3Za7kqzRcUSxBboHqtgRE2zlos1qWaOye5yUmHn42LB1250NJBLRwEcdrB0JRwyPTEPhfQjiQ=="
    },
    "vue-loader": {
      "version": "11.3.4",
      "resolved": "https://registry.npmjs.org/vue-loader/-/vue-loader-11.3.4.tgz",
      "integrity": "sha1-ZeEKRM4JLZBuFLvHKYHeyZ6wkNI=",
      "dev": true,
      "dependencies": {
        "loader-utils": {
          "version": "1.1.0",
          "resolved": "https://registry.npmjs.org/loader-utils/-/loader-utils-1.1.0.tgz",
          "integrity": "sha1-yYrvSIvM7aL/teLeZG1qdUQp9c0="
        }
      }
    },
    "vue-router": {
      "version": "3.5.2",
      "resolved": "https://registry.npmjs.org/vue-router/-/vue-router-3.5.2.tgz",
      "integrity": "sha512-807gn82hTnjCYGrnF3eNmIw/dk7/GE4B5h69BlyCK9KHASwSloD1Sjcn06zg9fVG4fYH2DrsNBZkpLtb25WtaQ=="
    },
    "vue-template-compiler": {
      "version": "2.3.4",
      "resolved": "https://registry.npmjs.org/vue-template-compiler/-/vue-template-compiler-2.3.4.tgz",
      "integrity": "sha512-GezvHn6bw053zIo0TQIjimRpyELjCEOrc5hGHtHUeadbVSdKB9yqY6By9WiYvbFwOZiuMmFpSfjD8VzVibWGtQ==",
      "dev": true
    },
    "webpack": {
      "version": "2.6.1",
      "resolved": "https://registry.npmjs.org/webpack/-/webpack-2.6.1.tgz",
      "integrity": "sha1-LgRX8KuxrF3zqxBsacZy8jZ4Xwc=",
      "dev": true,
      "dependencies": {
        "supports-color": {
          "version": "3.2.3",
          "resolved": "https://registry.npmjs.org/supports-color/-/supports-color-3.2.3.tgz",
          "integrity": "sha1-ZawFBLOVQXHYpklGsq48u4pfVPY="
        }
      }
    },
    "webpack-dev-server": {
      "version": "2.4.5",
      "resolved": "https://registry.npmjs.org/webpack-dev-server/-/webpack-dev-server-2.4.5.tgz",
      "integrity": "sha1-MThM6BE2vhCAtLTN4OubkOVO5s8=",
      "dev": true,
      "dependencies": {
        "supports-color": {
          "version": "3.2.3",
          "resolved": "https://registry.npmjs.org/supports-color/-/supports-color-3.2.3.tgz",
          "integrity": "sha1-ZawFBLOVQXHYpklGsq48u4pfVPY="
        }
      }
    }
  }
}
